
Microsoft Visual Studio Solution File, Format Version 12.00
# Visual Studio 15
VisualStudioVersion = 15.0.27130.2010
MinimumVisualStudioVersion = 10.0.40219.1
Project("{9A19103F-16F7-4668-BE54-9A1E7A4F7556}") = "Store.Service", "Store.Service\Store.Service\Store.Service.csproj", "{8DEDB417-6AC6-4F82-8F07-231CE7D3734B}"
EndProject
Project("{9A19103F-16F7-4668-BE54-9A1E7A4F7556}") = "Store.Models", "Store.Models\Store.Models.csproj", "{15A3FD6E-B378-465C-964E-08788C5CB04E}"
EndProject
Project("{9A19103F-16F7-4668-BE54-9A1E7A4F7556}") = "Store.DAL", "Store.DAL\Store.DAL.csproj", "{933455EE-45ED-43BE-B52D-CDB67BD28E79}"
EndProject
Project("{9A19103F-16F7-4668-BE54-9A1E7A4F7556}") = "Store.MVC", "Store.MVC\Store.MVC\Store.MVC.csproj", "{DD7FA2EB-899C-4B98-B75B-2F63AFAA0C9E}"
EndProject
Global
	GlobalSection(SolutionConfigurationPlatforms) = preSolution
		Debug|Any CPU = Debug|Any CPU
		Release|Any CPU = Release|Any CPU
	EndGlobalSection
	GlobalSection(ProjectConfigurationPlatforms) = postSolution
		{8DEDB417-6AC6-4F82-8F07-231CE7D3734B}.Debug|Any CPU.ActiveCfg = Debug|Any CPU
		{8DEDB417-6AC6-4F82-8F07-231CE7D3734B}.Debug|Any CPU.Build.0 = Debug|Any CPU
		{8DEDB417-6AC6-4F82-8F07-231CE7D3734B}.Release|Any CPU.ActiveCfg = Release|Any CPU
		{8DEDB417-6AC6-4F82-8F07-231CE7D3734B}.Release|Any CPU.Build.0 = Release|Any CPU
		{15A3FD6E-B378-465C-964E-08788C5CB04E}.Debug|Any CPU.ActiveCfg = Debug|Any CPU
		{15A3FD6E-B378-465C-964E-08788C5CB04E}.Debug|Any CPU.Build.0 = Debug|Any CPU
		{15A3FD6E-B378-465C-964E-08788C5CB04E}.Release|Any CPU.ActiveCfg = Release|Any CPU
		{15A3FD6E-B378-465C-964E-08788C5CB04E}.Release|Any CPU.Build.0 = Release|Any CPU
		{933455EE-45ED-43BE-B52D-CDB67BD28E79}.Debug|Any CPU.ActiveCfg = Debug|Any CPU
		{933455EE-45ED-43BE-B52D-CDB67BD28E79}.Debug|Any CPU.Build.0 = Debug|Any CPU
		{933455EE-45ED-43BE-B52D-CDB67BD28E79}.Release|Any CPU.ActiveCfg = Release|Any CPU
		{933455EE-45ED-43BE-B52D-CDB67BD28E79}.Release|Any CPU.Build.0 = Release|Any CPU
		{DD7FA2EB-899C-4B98-B75B-2F63AFAA0C9E}.Debug|Any CPU.ActiveCfg = Debug|Any CPU
		{DD7FA2EB-899C-4B98-B75B-2F63AFAA0C9E}.Debug|Any CPU.Build.0 = Debug|Any CPU
		{DD7FA2EB-899C-4B98-B75B-2F63AFAA0C9E}.Release|Any CPU.ActiveCfg = Release|Any CPU
		{DD7FA2EB-899C-4B98-B75B-2F63AFAA0C9E}.Release|Any CPU.Build.0 = Release|Any CPU
	EndGlobalSection
	GlobalSection(SolutionProperties) = preSolution
		HideSolutionNode = FALSE
	EndGlobalSection
	GlobalSection(ExtensibilityGlobals) = postSolution
		SolutionGuid = {07FFE979-DF65-427F-8B71-C9918D755DF4}
	EndGlobalSection
EndGlobal
