
Microsoft Visual Studio Solution File, Format Version 12.00
# Visual Studio 15
VisualStudioVersion = 15.0.27130.2003
MinimumVisualStudioVersion = 10.0.40219.1
Project("{FAE04EC0-301F-11D3-BF4B-00C04F79EFBC}") = "SpyStore.Service", "SpyStore.Service\SpyStore.Service.csproj", "{5A68F2A6-420C-4712-9836-422B7CA595A6}"
EndProject
Global
	GlobalSection(SolutionConfigurationPlatforms) = preSolution
		Debug|Any CPU = Debug|Any CPU
		Release|Any CPU = Release|Any CPU
	EndGlobalSection
	GlobalSection(ProjectConfigurationPlatforms) = postSolution
		{5A68F2A6-420C-4712-9836-422B7CA595A6}.Debug|Any CPU.ActiveCfg = Debug|Any CPU
		{5A68F2A6-420C-4712-9836-422B7CA595A6}.Debug|Any CPU.Build.0 = Debug|Any CPU
		{5A68F2A6-420C-4712-9836-422B7CA595A6}.Release|Any CPU.ActiveCfg = Release|Any CPU
		{5A68F2A6-420C-4712-9836-422B7CA595A6}.Release|Any CPU.Build.0 = Release|Any CPU
	EndGlobalSection
	GlobalSection(SolutionProperties) = preSolution
		HideSolutionNode = FALSE
	EndGlobalSection
	GlobalSection(ExtensibilityGlobals) = postSolution
		SolutionGuid = {DF66BA54-F3B4-4108-86B8-C5315D47C0A8}
	EndGlobalSection
EndGlobal
